
Microsoft Visual Studio Solution File, Format Version 12.00
# Visual Studio 15
VisualStudioVersion = 15.0.26730.16
MinimumVisualStudioVersion = 10.0.40219.1
Project("{FAE04EC0-301F-11D3-BF4B-00C04F79EFBC}") = "SPCustomListFormDemo", "SPCustomListFormDemo.csproj", "{CDA1D9D1-33E7-44DC-986E-3E2542474BBD}"
EndProject
Global
	GlobalSection(SolutionConfigurationPlatforms) = preSolution
		Debug|Any CPU = Debug|Any CPU
		Release|Any CPU = Release|Any CPU
	EndGlobalSection
	GlobalSection(ProjectConfigurationPlatforms) = postSolution
		{CDA1D9D1-33E7-44DC-986E-3E2542474BBD}.Debug|Any CPU.ActiveCfg = Debug|Any CPU
		{CDA1D9D1-33E7-44DC-986E-3E2542474BBD}.Debug|Any CPU.Build.0 = Debug|Any CPU
		{CDA1D9D1-33E7-44DC-986E-3E2542474BBD}.Debug|Any CPU.Deploy.0 = Debug|Any CPU
		{CDA1D9D1-33E7-44DC-986E-3E2542474BBD}.Release|Any CPU.ActiveCfg = Release|Any CPU
		{CDA1D9D1-33E7-44DC-986E-3E2542474BBD}.Release|Any CPU.Build.0 = Release|Any CPU
		{CDA1D9D1-33E7-44DC-986E-3E2542474BBD}.Release|Any CPU.Deploy.0 = Release|Any CPU
	EndGlobalSection
	GlobalSection(SolutionProperties) = preSolution
		HideSolutionNode = FALSE
	EndGlobalSection
	GlobalSection(ExtensibilityGlobals) = postSolution
		SolutionGuid = {3B48AC77-FCBB-4FCF-BA25-AC0DECAF8C00}
	EndGlobalSection
EndGlobal
